
Microsoft Visual Studio Solution File, Format Version 12.00
# Visual Studio Version 16
VisualStudioVersion = 16.0.31321.278
MinimumVisualStudioVersion = 10.0.40219.1
Project("{9A19103F-16F7-4668-BE54-9A1E7A4F7556}") = "RoundTheCode.BlazorOnClick", "RoundTheCode.BlazorOnClick\RoundTheCode.BlazorOnClick.csproj", "{B33E4E92-D80E-4FE6-A174-FD47A4CB1934}"
EndProject
Global
	GlobalSection(SolutionConfigurationPlatforms) = preSolution
		Debug|Any CPU = Debug|Any CPU
		Release|Any CPU = Release|Any CPU
	EndGlobalSection
	GlobalSection(ProjectConfigurationPlatforms) = postSolution
		{B33E4E92-D80E-4FE6-A174-FD47A4CB1934}.Debug|Any CPU.ActiveCfg = Debug|Any CPU
		{B33E4E92-D80E-4FE6-A174-FD47A4CB1934}.Debug|Any CPU.Build.0 = Debug|Any CPU
		{B33E4E92-D80E-4FE6-A174-FD47A4CB1934}.Release|Any CPU.ActiveCfg = Release|Any CPU
		{B33E4E92-D80E-4FE6-A174-FD47A4CB1934}.Release|Any CPU.Build.0 = Release|Any CPU
	EndGlobalSection
	GlobalSection(SolutionProperties) = preSolution
		HideSolutionNode = FALSE
	EndGlobalSection
	GlobalSection(ExtensibilityGlobals) = postSolution
		SolutionGuid = {4256AD42-8968-407B-883E-4F215F93FA29}
	EndGlobalSection
EndGlobal
